# THIS IS AN AUTOGENERATED FILE. DO NOT EDIT THIS FILE DIRECTLY.
# yarn lockfile v1


card-validator@^6.2.0:
  version "6.2.0"
  resolved "https://registry.yarnpkg.com/card-validator/-/card-validator-6.2.0.tgz#59037c6480df5786473cab720f165ba868560e0b"
  integrity sha512-1vYv45JaE9NmixZr4dl6ykzbFKv7imI9L7MQDs235b/a7EGbG8rrEsipeHtVvscLSUbl3RX6UP5gyOe0Y2FlHA==
  dependencies:
    credit-card-type "^8.0.0"

credit-card-type@^8.0.0:
  version "8.3.0"
  resolved "https://registry.yarnpkg.com/credit-card-type/-/credit-card-type-8.3.0.tgz#f93c187c9362411544158c91d552efcc443aa87a"
  integrity sha512-czfZUpQ7W9CDxZL4yFLb1kFtM/q2lTOY975hL2aO+DC8+GRNDVSXVCHXhVFZPxiUKmQCZbFP8vIhxx5TBQaThw==

"js-tokens@^3.0.0 || ^4.0.0":
  version "4.0.0"
  resolved "https://registry.yarnpkg.com/js-tokens/-/js-tokens-4.0.0.tgz#19203fb59991df98e3a287050d4647cdeaf32499"
  integrity sha512-RdJUflcE3cUzKiMqQgsCu06FPu9UdIJO0beYbPhHN4k6apgJtifcoCtT9bcxOpYBtpD2kCM6Sbzg4CausW/PKQ==

loose-envify@^1.4.0:
  version "1.4.0"
  resolved "https://registry.yarnpkg.com/loose-envify/-/loose-envify-1.4.0.tgz#71ee51fa7be4caec1a63839f7e682d8132d30caf"
  integrity sha512-lyuxPGr/Wfhrlem2CL/UcnUc1zcqKAImBDzukY7Y5F/yQiNdko6+fRLevlw1HgMySw7f611UIY408EtxRSoK3Q==
  dependencies:
    js-tokens "^3.0.0 || ^4.0.0"

object-assign@^4.1.1:
  version "4.1.1"
  resolved "https://registry.yarnpkg.com/object-assign/-/object-assign-4.1.1.tgz#2109adc7965887cfc05cbbd442cac8bfbb360863"
  integrity sha1-IQmtx5ZYh8/AXLvUQsrIv7s2CGM=

prop-types@^15.5.10, prop-types@^15.7.2:
  version "15.7.2"
  resolved "https://registry.yarnpkg.com/prop-types/-/prop-types-15.7.2.tgz#52c41e75b8c87e72b9d9360e0206b99dcbffa6c5"
  integrity sha512-8QQikdH7//R2vurIJSutZ1smHYTcLpRWEOlHnzcWHmBYrOGUysKwSsrC89BCiFj3CbrfJ/nXFdJepOVrY1GCHQ==
  dependencies:
    loose-envify "^1.4.0"
    object-assign "^4.1.1"
    react-is "^16.8.1"

react-is@^16.8.1:
  version "16.13.1"
  resolved "https://registry.yarnpkg.com/react-is/-/react-is-16.13.1.tgz#789729a4dc36de2999dc156dd6c1d9c18cea56a4"
  integrity sha512-24e6ynE2H+OKt4kqsOvNd8kBpV65zoxbA4BVsEOB3ARVWQki/DHzaUoC5KuON/BiccDaCCTZBuOcfZs70kR8bQ==

react-native-flip-card@^3.4.1:
  version "3.5.5"
  resolved "https://registry.yarnpkg.com/react-native-flip-card/-/react-native-flip-card-3.5.5.tgz#14f13d5178660e5365e7be4ed8dbb6ff289dd1e8"
  integrity sha512-7PCMfsQ/7K8oN0NVusYNgK4sanY7KLimnPVj5TadkQaSm0zEi7/Jy/rHfnNQQibNBImov6zzQkmcP8ch6RN5Yw==
  dependencies:
    prop-types "^15.5.10"
